
Microsoft Visual Studio Solution File, Format Version 12.00
# Visual Studio Version 17
VisualStudioVersion = 17.9.34701.34
MinimumVisualStudioVersion = 10.0.40219.1
Project("{8BC9CEB8-8B4A-11D0-8D11-00A0C91BC942}") = "PasswordGenerator", "PasswordGenerator.vcxproj", "{669A29AD-0C95-4416-8B50-27A1273D170F}"
EndProject
Global
	GlobalSection(SolutionConfigurationPlatforms) = preSolution
		Debug|x64 = Debug|x64
		Release|x64 = Release|x64
	EndGlobalSection
	GlobalSection(ProjectConfigurationPlatforms) = postSolution
		{669A29AD-0C95-4416-8B50-27A1273D170F}.Debug|x64.ActiveCfg = Debug|x64
		{669A29AD-0C95-4416-8B50-27A1273D170F}.Debug|x64.Build.0 = Debug|x64
		{669A29AD-0C95-4416-8B50-27A1273D170F}.Release|x64.ActiveCfg = Release|x64
		{669A29AD-0C95-4416-8B50-27A1273D170F}.Release|x64.Build.0 = Release|x64
	EndGlobalSection
	GlobalSection(SolutionProperties) = preSolution
		HideSolutionNode = FALSE
	EndGlobalSection
	GlobalSection(ExtensibilityGlobals) = postSolution
		SolutionGuid = {85349542-9551-4C79-800E-50FC34D38BF8}
	EndGlobalSection
EndGlobal
